// !$*UTF8*$!
{
	archiveVersion = 1;
	classes = {
	};
	objectVersion = 46;
	objects = {

/* Begin PBXBuildFile section */
		B400036519DCA40F009BF068 /* iPhone6Plus.storyboard in Resources */ = {isa = PBXBuildFile; fileRef = B400036419DCA40F009BF068 /* iPhone6Plus.storyboard */; };
		B400036819DCB309009BF068 /* Level_5.json in Resources */ = {isa = PBXBuildFile; fileRef = B400036619DCB309009BF068 /* Level_5.json */; };
		B400036C19DCB342009BF068 /* Level_6.json in Resources */ = {isa = PBXBuildFile; fileRef = B400036A19DCB342009BF068 /* Level_6.json */; };
		B400036F19DCB369009BF068 /* Level_7.json in Resources */ = {isa = PBXBuildFile; fileRef = B400036E19DCB369009BF068 /* Level_7.json */; };
		B400037119DCB37E009BF068 /* Level_8.json in Resources */ = {isa = PBXBuildFile; fileRef = B400037019DCB37E009BF068 /* Level_8.json */; };
		B400037319DCB396009BF068 /* Level_9.json in Resources */ = {isa = PBXBuildFile; fileRef = B400037219DCB396009BF068 /* Level_9.json */; };
		B4B3338419D239A300FC75E3 /* AppDelegate.swift in Sources */ = {isa = PBXBuildFile; fileRef = B4B3338319D239A300FC75E3 /* AppDelegate.swift */; };
		B4B3338819D239A300FC75E3 /* GameScene.swift in Sources */ = {isa = PBXBuildFile; fileRef = B4B3338719D239A300FC75E3 /* GameScene.swift */; };
		B4B3338A19D239A300FC75E3 /* GameViewController.swift in Sources */ = {isa = PBXBuildFile; fileRef = B4B3338919D239A300FC75E3 /* GameViewController.swift */; };
		B4B3338D19D239A300FC75E3 /* Main.storyboard in Resources */ = {isa = PBXBuildFile; fileRef = B4B3338B19D239A300FC75E3 /* Main.storyboard */; };
		B4B3338F19D239A300FC75E3 /* Images.xcassets in Resources */ = {isa = PBXBuildFile; fileRef = B4B3338E19D239A300FC75E3 /* Images.xcassets */; };
		B4B3339219D239A300FC75E3 /* LaunchScreen.xib in Resources */ = {isa = PBXBuildFile; fileRef = B4B3339019D239A300FC75E3 /* LaunchScreen.xib */; };
		B4B3339E19D239A300FC75E3 /* CrunchiesTests.swift in Sources */ = {isa = PBXBuildFile; fileRef = B4B3339D19D239A300FC75E3 /* CrunchiesTests.swift */; };
		B4B333A819D239FD00FC75E3 /* Sprites.atlas in Resources */ = {isa = PBXBuildFile; fileRef = B4B333A719D239FD00FC75E3 /* Sprites.atlas */; };
		B4B333B219D23B9A00FC75E3 /* Cookie.swift in Sources */ = {isa = PBXBuildFile; fileRef = B4B333B119D23B9A00FC75E3 /* Cookie.swift */; };
		B4B333B419D23DB400FC75E3 /* Array2D.swift in Sources */ = {isa = PBXBuildFile; fileRef = B4B333B319D23DB400FC75E3 /* Array2D.swift */; };
		B4B333B619D23E2D00FC75E3 /* Set.swift in Sources */ = {isa = PBXBuildFile; fileRef = B4B333B519D23E2D00FC75E3 /* Set.swift */; };
		B4B333B819D23EB000FC75E3 /* Level.swift in Sources */ = {isa = PBXBuildFile; fileRef = B4B333B719D23EB000FC75E3 /* Level.swift */; };
		B4B333BF19D241E400FC75E3 /* Level_0.json in Resources */ = {isa = PBXBuildFile; fileRef = B4B333BA19D241E400FC75E3 /* Level_0.json */; };
		B4B333C019D241E400FC75E3 /* Level_1.json in Resources */ = {isa = PBXBuildFile; fileRef = B4B333BB19D241E400FC75E3 /* Level_1.json */; };
		B4B333C119D241E400FC75E3 /* Level_2.json in Resources */ = {isa = PBXBuildFile; fileRef = B4B333BC19D241E400FC75E3 /* Level_2.json */; };
		B4B333C219D241E400FC75E3 /* Level_3.json in Resources */ = {isa = PBXBuildFile; fileRef = B4B333BD19D241E400FC75E3 /* Level_3.json */; };
		B4B333C319D241E400FC75E3 /* Level_4.json in Resources */ = {isa = PBXBuildFile; fileRef = B4B333BE19D241E400FC75E3 /* Level_4.json */; };
		B4B333C519D2421D00FC75E3 /* Tile.swift in Sources */ = {isa = PBXBuildFile; fileRef = B4B333C419D2421D00FC75E3 /* Tile.swift */; };
		B4B333C719D242AA00FC75E3 /* Extensions.swift in Sources */ = {isa = PBXBuildFile; fileRef = B4B333C619D242AA00FC75E3 /* Extensions.swift */; };
		B4B333C919D245C600FC75E3 /* Swap.swift in Sources */ = {isa = PBXBuildFile; fileRef = B4B333C819D245C600FC75E3 /* Swap.swift */; };
		B4B333CB19D24A9B00FC75E3 /* Chain.swift in Sources */ = {isa = PBXBuildFile; fileRef = B4B333CA19D24A9B00FC75E3 /* Chain.swift */; };
		B4B333CD19D2588900FC75E3 /* Grid.atlas in Resources */ = {isa = PBXBuildFile; fileRef = B4B333CC19D2588900FC75E3 /* Grid.atlas */; };
		B4B333D519D25E0400FC75E3 /* Chomp.wav in Resources */ = {isa = PBXBuildFile; fileRef = B4B333CF19D25E0400FC75E3 /* Chomp.wav */; };
		B4B333D619D25E0400FC75E3 /* Drip.wav in Resources */ = {isa = PBXBuildFile; fileRef = B4B333D019D25E0400FC75E3 /* Drip.wav */; };
		B4B333D719D25E0400FC75E3 /* Error.wav in Resources */ = {isa = PBXBuildFile; fileRef = B4B333D119D25E0400FC75E3 /* Error.wav */; };
		B4B333D819D25E0400FC75E3 /* Ka-Ching.wav in Resources */ = {isa = PBXBuildFile; fileRef = B4B333D219D25E0400FC75E3 /* Ka-Ching.wav */; };
		B4B333D919D25E0400FC75E3 /* Mining by Moonlight.mp3 in Resources */ = {isa = PBXBuildFile; fileRef = B4B333D319D25E0400FC75E3 /* Mining by Moonlight.mp3 */; };
		B4B333DA19D25E0400FC75E3 /* Scrape.wav in Resources */ = {isa = PBXBuildFile; fileRef = B4B333D419D25E0400FC75E3 /* Scrape.wav */; };
		B4B333E819D34EBB00FC75E3 /* Crashlytics.framework in Frameworks */ = {isa = PBXBuildFile; fileRef = B4B333E719D34EBB00FC75E3 /* Crashlytics.framework */; };
		B4B333F619D3786B00FC75E3 /* CandyCane-Highlighted@2x.png in Resources */ = {isa = PBXBuildFile; fileRef = B4B333EA19D3786B00FC75E3 /* CandyCane-Highlighted@2x.png */; };
		B4B333F719D3786B00FC75E3 /* CandyCane@2x.png in Resources */ = {isa = PBXBuildFile; fileRef = B4B333EB19D3786B00FC75E3 /* CandyCane@2x.png */; };
		B4B333F819D3786B00FC75E3 /* GingerbreadMan-Highlighted@2x.png in Resources */ = {isa = PBXBuildFile; fileRef = B4B333EC19D3786B00FC75E3 /* GingerbreadMan-Highlighted@2x.png */; };
		B4B333F919D3786B00FC75E3 /* GingerbreadMan@2x.png in Resources */ = {isa = PBXBuildFile; fileRef = B4B333ED19D3786B00FC75E3 /* GingerbreadMan@2x.png */; };
		B4B333FA19D3786B00FC75E3 /* Present-Highlighted@2x.png in Resources */ = {isa = PBXBuildFile; fileRef = B4B333EE19D3786B00FC75E3 /* Present-Highlighted@2x.png */; };
		B4B333FB19D3786B00FC75E3 /* Present@2x.png in Resources */ = {isa = PBXBuildFile; fileRef = B4B333EF19D3786B00FC75E3 /* Present@2x.png */; };
		B4B333FC19D3786B00FC75E3 /* Rudolph-Highlighted@2x.png in Resources */ = {isa = PBXBuildFile; fileRef = B4B333F019D3786B00FC75E3 /* Rudolph-Highlighted@2x.png */; };
		B4B333FD19D3786B00FC75E3 /* Rudolph@2x.png in Resources */ = {isa = PBXBuildFile; fileRef = B4B333F119D3786B00FC75E3 /* Rudolph@2x.png */; };
		B4B333FE19D3786B00FC75E3 /* Snowman-Highlighted@2x.png in Resources */ = {isa = PBXBuildFile; fileRef = B4B333F219D3786B00FC75E3 /* Snowman-Highlighted@2x.png */; };
		B4B333FF19D3786B00FC75E3 /* Snowman@2x.png in Resources */ = {isa = PBXBuildFile; fileRef = B4B333F319D3786B00FC75E3 /* Snowman@2x.png */; };
		B4B3340019D3786B00FC75E3 /* Tree-Highlighted@2x.png in Resources */ = {isa = PBXBuildFile; fileRef = B4B333F419D3786B00FC75E3 /* Tree-Highlighted@2x.png */; };
		B4B3340119D3786B00FC75E3 /* Tree@2x.png in Resources */ = {isa = PBXBuildFile; fileRef = B4B333F519D3786B00FC75E3 /* Tree@2x.png */; };
		B4B3343919D4BA5500FC75E3 /* happyland_128.mp3 in Resources */ = {isa = PBXBuildFile; fileRef = B4B3343819D4BA5500FC75E3 /* happyland_128.mp3 */; };
		B4B334AE19D73A4A00FC75E3 /* GameKit.framework in Frameworks */ = {isa = PBXBuildFile; fileRef = B4B334AD19D73A4A00FC75E3 /* GameKit.framework */; };
		B4B334B019D8BFA800FC75E3 /* iPhone6.storyboard in Resources */ = {isa = PBXBuildFile; fileRef = B4B334AF19D8BFA800FC75E3 /* iPhone6.storyboard */; };
		B4B3350C19DA204200FC75E3 /* GameResetViewController.swift in Sources */ = {isa = PBXBuildFile; fileRef = B4B3350B19DA204200FC75E3 /* GameResetViewController.swift */; };
/* End PBXBuildFile section */

/* Begin PBXContainerItemProxy section */
		B4B3339819D239A300FC75E3 /* PBXContainerItemProxy */ = {
			isa = PBXContainerItemProxy;
			containerPortal = B4B3337619D239A300FC75E3 /* Project object */;
			proxyType = 1;
			remoteGlobalIDString = B4B3337D19D239A300FC75E3;
			remoteInfo = Crunchies;
		};
/* End PBXContainerItemProxy section */

/* Begin PBXFileReference section */
		B400036419DCA40F009BF068 /* iPhone6Plus.storyboard */ = {isa = PBXFileReference; fileEncoding = 4; lastKnownFileType = file.storyboard; path = iPhone6Plus.storyboard; sourceTree = "<group>"; };
		B400036619DCB309009BF068 /* Level_5.json */ = {isa = PBXFileReference; fileEncoding = 4; lastKnownFileType = text.json; path = Level_5.json; sourceTree = "<group>"; };
		B400036A19DCB342009BF068 /* Level_6.json */ = {isa = PBXFileReference; fileEncoding = 4; lastKnownFileType = text.json; path = Level_6.json; sourceTree = "<group>"; };
		B400036E19DCB369009BF068 /* Level_7.json */ = {isa = PBXFileReference; fileEncoding = 4; lastKnownFileType = text.json; path = Level_7.json; sourceTree = "<group>"; };
		B400037019DCB37E009BF068 /* Level_8.json */ = {isa = PBXFileReference; fileEncoding = 4; lastKnownFileType = text.json; path = Level_8.json; sourceTree = "<group>"; };
		B400037219DCB396009BF068 /* Level_9.json */ = {isa = PBXFileReference; fileEncoding = 4; lastKnownFileType = text.json; path = Level_9.json; sourceTree = "<group>"; };
		B4B3337E19D239A300FC75E3 /* Crunchies.app */ = {isa = PBXFileReference; explicitFileType = wrapper.application; includeInIndex = 0; path = Crunchies.app; sourceTree = BUILT_PRODUCTS_DIR; };
		B4B3338219D239A300FC75E3 /* Info.plist */ = {isa = PBXFileReference; lastKnownFileType = text.plist.xml; path = Info.plist; sourceTree = "<group>"; };
		B4B3338319D239A300FC75E3 /* AppDelegate.swift */ = {isa = PBXFileReference; lastKnownFileType = sourcecode.swift; path = AppDelegate.swift; sourceTree = "<group>"; };
		B4B3338719D239A300FC75E3 /* GameScene.swift */ = {isa = PBXFileReference; lastKnownFileType = sourcecode.swift; path = GameScene.swift; sourceTree = "<group>"; };
		B4B3338919D239A300FC75E3 /* GameViewController.swift */ = {isa = PBXFileReference; lastKnownFileType = sourcecode.swift; path = GameViewController.swift; sourceTree = "<group>"; };
		B4B3338C19D239A300FC75E3 /* Base */ = {isa = PBXFileReference; lastKnownFileType = file.storyboard; name = Base; path = Base.lproj/Main.storyboard; sourceTree = "<group>"; };
		B4B3338E19D239A300FC75E3 /* Images.xcassets */ = {isa = PBXFileReference; lastKnownFileType = folder.assetcatalog; path = Images.xcassets; sourceTree = "<group>"; };
		B4B3339119D239A300FC75E3 /* Base */ = {isa = PBXFileReference; lastKnownFileType = file.xib; name = Base; path = Base.lproj/LaunchScreen.xib; sourceTree = "<group>"; };
		B4B3339719D239A300FC75E3 /* CrunchiesTests.xctest */ = {isa = PBXFileReference; explicitFileType = wrapper.cfbundle; includeInIndex = 0; path = CrunchiesTests.xctest; sourceTree = BUILT_PRODUCTS_DIR; };
		B4B3339C19D239A300FC75E3 /* Info.plist */ = {isa = PBXFileReference; lastKnownFileType = text.plist.xml; path = Info.plist; sourceTree = "<group>"; };
		B4B3339D19D239A300FC75E3 /* CrunchiesTests.swift */ = {isa = PBXFileReference; lastKnownFileType = sourcecode.swift; path = CrunchiesTests.swift; sourceTree = "<group>"; };
		B4B333A719D239FD00FC75E3 /* Sprites.atlas */ = {isa = PBXFileReference; lastKnownFileType = folder.skatlas; path = Sprites.atlas; sourceTree = "<group>"; };
		B4B333B119D23B9A00FC75E3 /* Cookie.swift */ = {isa = PBXFileReference; fileEncoding = 4; lastKnownFileType = sourcecode.swift; path = Cookie.swift; sourceTree = "<group>"; };
		B4B333B319D23DB400FC75E3 /* Array2D.swift */ = {isa = PBXFileReference; fileEncoding = 4; lastKnownFileType = sourcecode.swift; path = Array2D.swift; sourceTree = "<group>"; };
		B4B333B519D23E2D00FC75E3 /* Set.swift */ = {isa = PBXFileReference; fileEncoding = 4; lastKnownFileType = sourcecode.swift; path = Set.swift; sourceTree = "<group>"; };
		B4B333B719D23EB000FC75E3 /* Level.swift */ = {isa = PBXFileReference; fileEncoding = 4; lastKnownFileType = sourcecode.swift; path = Level.swift; sourceTree = "<group>"; };
		B4B333BA19D241E400FC75E3 /* Level_0.json */ = {isa = PBXFileReference; fileEncoding = 4; lastKnownFileType = text.json; path = Level_0.json; sourceTree = "<group>"; };
		B4B333BB19D241E400FC75E3 /* Level_1.json */ = {isa = PBXFileReference; fileEncoding = 4; lastKnownFileType = text.json; path = Level_1.json; sourceTree = "<group>"; };
		B4B333BC19D241E400FC75E3 /* Level_2.json */ = {isa = PBXFileReference; fileEncoding = 4; lastKnownFileType = text.json; path = Level_2.json; sourceTree = "<group>"; };
		B4B333BD19D241E400FC75E3 /* Level_3.json */ = {isa = PBXFileReference; fileEncoding = 4; lastKnownFileType = text.json; path = Level_3.json; sourceTree = "<group>"; };
		B4B333BE19D241E400FC75E3 /* Level_4.json */ = {isa = PBXFileReference; fileEncoding = 4; lastKnownFileType = text.json; path = Level_4.json; sourceTree = "<group>"; };
		B4B333C419D2421D00FC75E3 /* Tile.swift */ = {isa = PBXFileReference; fileEncoding = 4; lastKnownFileType = sourcecode.swift; path = Tile.swift; sourceTree = "<group>"; };
		B4B333C619D242AA00FC75E3 /* Extensions.swift */ = {isa = PBXFileReference; fileEncoding = 4; lastKnownFileType = sourcecode.swift; path = Extensions.swift; sourceTree = "<group>"; };
		B4B333C819D245C600FC75E3 /* Swap.swift */ = {isa = PBXFileReference; fileEncoding = 4; lastKnownFileType = sourcecode.swift; path = Swap.swift; sourceTree = "<group>"; };
		B4B333CA19D24A9B00FC75E3 /* Chain.swift */ = {isa = PBXFileReference; fileEncoding = 4; lastKnownFileType = sourcecode.swift; path = Chain.swift; sourceTree = "<group>"; };
		B4B333CC19D2588900FC75E3 /* Grid.atlas */ = {isa = PBXFileReference; lastKnownFileType = folder.skatlas; path = Grid.atlas; sourceTree = "<group>"; };
		B4B333CF19D25E0400FC75E3 /* Chomp.wav */ = {isa = PBXFileReference; lastKnownFileType = audio.wav; path = Chomp.wav; sourceTree = "<group>"; };
		B4B333D019D25E0400FC75E3 /* Drip.wav */ = {isa = PBXFileReference; lastKnownFileType = audio.wav; path = Drip.wav; sourceTree = "<group>"; };
		B4B333D119D25E0400FC75E3 /* Error.wav */ = {isa = PBXFileReference; lastKnownFileType = audio.wav; path = Error.wav; sourceTree = "<group>"; };
		B4B333D219D25E0400FC75E3 /* Ka-Ching.wav */ = {isa = PBXFileReference; lastKnownFileType = audio.wav; path = "Ka-Ching.wav"; sourceTree = "<group>"; };
		B4B333D319D25E0400FC75E3 /* Mining by Moonlight.mp3 */ = {isa = PBXFileReference; lastKnownFileType = audio.mp3; path = "Mining by Moonlight.mp3"; sourceTree = "<group>"; };
		B4B333D419D25E0400FC75E3 /* Scrape.wav */ = {isa = PBXFileReference; lastKnownFileType = audio.wav; path = Scrape.wav; sourceTree = "<group>"; };
		B4B333E719D34EBB00FC75E3 /* Crashlytics.framework */ = {isa = PBXFileReference; lastKnownFileType = wrapper.framework; path = Crashlytics.framework; sourceTree = "<group>"; };
		B4B333EA19D3786B00FC75E3 /* CandyCane-Highlighted@2x.png */ = {isa = PBXFileReference; lastKnownFileType = image.png; path = "CandyCane-Highlighted@2x.png"; sourceTree = "<group>"; };
		B4B333EB19D3786B00FC75E3 /* CandyCane@2x.png */ = {isa = PBXFileReference; lastKnownFileType = image.png; path = "CandyCane@2x.png"; sourceTree = "<group>"; };
		B4B333EC19D3786B00FC75E3 /* GingerbreadMan-Highlighted@2x.png */ = {isa = PBXFileReference; lastKnownFileType = image.png; path = "GingerbreadMan-Highlighted@2x.png"; sourceTree = "<group>"; };
		B4B333ED19D3786B00FC75E3 /* GingerbreadMan@2x.png */ = {isa = PBXFileReference; lastKnownFileType = image.png; path = "GingerbreadMan@2x.png"; sourceTree = "<group>"; };
		B4B333EE19D3786B00FC75E3 /* Present-Highlighted@2x.png */ = {isa = PBXFileReference; lastKnownFileType = image.png; path = "Present-Highlighted@2x.png"; sourceTree = "<group>"; };
		B4B333EF19D3786B00FC75E3 /* Present@2x.png */ = {isa = PBXFileReference; lastKnownFileType = image.png; path = "Present@2x.png"; sourceTree = "<group>"; };
		B4B333F019D3786B00FC75E3 /* Rudolph-Highlighted@2x.png */ = {isa = PBXFileReference; lastKnownFileType = image.png; path = "Rudolph-Highlighted@2x.png"; sourceTree = "<group>"; };
		B4B333F119D3786B00FC75E3 /* Rudolph@2x.png */ = {isa = PBXFileReference; lastKnownFileType = image.png; path = "Rudolph@2x.png"; sourceTree = "<group>"; };
		B4B333F219D3786B00FC75E3 /* Snowman-Highlighted@2x.png */ = {isa = PBXFileReference; lastKnownFileType = image.png; path = "Snowman-Highlighted@2x.png"; sourceTree = "<group>"; };
		B4B333F319D3786B00FC75E3 /* Snowman@2x.png */ = {isa = PBXFileReference; lastKnownFileType = image.png; path = "Snowman@2x.png"; sourceTree = "<group>"; };
		B4B333F419D3786B00FC75E3 /* Tree-Highlighted@2x.png */ = {isa = PBXFileReference; lastKnownFileType = image.png; path = "Tree-Highlighted@2x.png"; sourceTree = "<group>"; };
		B4B333F519D3786B00FC75E3 /* Tree@2x.png */ = {isa = PBXFileReference; lastKnownFileType = image.png; path = "Tree@2x.png"; sourceTree = "<group>"; };
		B4B3343819D4BA5500FC75E3 /* happyland_128.mp3 */ = {isa = PBXFileReference; lastKnownFileType = audio.mp3; path = happyland_128.mp3; sourceTree = "<group>"; };
		B4B334AD19D73A4A00FC75E3 /* GameKit.framework */ = {isa = PBXFileReference; lastKnownFileType = wrapper.framework; name = GameKit.framework; path = System/Library/Frameworks/GameKit.framework; sourceTree = SDKROOT; };
		B4B334AF19D8BFA800FC75E3 /* iPhone6.storyboard */ = {isa = PBXFileReference; fileEncoding = 4; lastKnownFileType = file.storyboard; name = iPhone6.storyboard; path = ../iPhone6.storyboard; sourceTree = "<group>"; };
		B4B3350B19DA204200FC75E3 /* GameResetViewController.swift */ = {isa = PBXFileReference; fileEncoding = 4; lastKnownFileType = sourcecode.swift; name = GameResetViewController.swift; path = ../GameResetViewController.swift; sourceTree = "<group>"; };
/* End PBXFileReference section */

/* Begin PBXFrameworksBuildPhase section */
		B4B3337B19D239A300FC75E3 /* Frameworks */ = {
			isa = PBXFrameworksBuildPhase;
			buildActionMask = 2147483647;
			files = (
				B4B333E819D34EBB00FC75E3 /* Crashlytics.framework in Frameworks */,
				B4B334AE19D73A4A00FC75E3 /* GameKit.framework in Frameworks */,
			);
			runOnlyForDeploymentPostprocessing = 0;
		};
		B4B3339419D239A300FC75E3 /* Frameworks */ = {
			isa = PBXFrameworksBuildPhase;
			buildActionMask = 2147483647;
			files = (
			);
			runOnlyForDeploymentPostprocessing = 0;
		};
/* End PBXFrameworksBuildPhase section */

/* Begin PBXGroup section */
		B4B3337519D239A300FC75E3 = {
			isa = PBXGroup;
			children = (
				B4B334AD19D73A4A00FC75E3 /* GameKit.framework */,
				B4B333E719D34EBB00FC75E3 /* Crashlytics.framework */,
				B4B3338019D239A300FC75E3 /* Crunchies */,
				B4B3339A19D239A300FC75E3 /* CrunchiesTests */,
				B4B3337F19D239A300FC75E3 /* Products */,
			);
			sourceTree = "<group>";
		};
		B4B3337F19D239A300FC75E3 /* Products */ = {
			isa = PBXGroup;
			children = (
				B4B3337E19D239A300FC75E3 /* Crunchies.app */,
				B4B3339719D239A300FC75E3 /* CrunchiesTests.xctest */,
			);
			name = Products;
			sourceTree = "<group>";
		};
		B4B3338019D239A300FC75E3 /* Crunchies */ = {
			isa = PBXGroup;
			children = (
				B4B3338319D239A300FC75E3 /* AppDelegate.swift */,
				B4B3338719D239A300FC75E3 /* GameScene.swift */,
				B4B3338919D239A300FC75E3 /* GameViewController.swift */,
				B4B3350B19DA204200FC75E3 /* GameResetViewController.swift */,
				B4B333B319D23DB400FC75E3 /* Array2D.swift */,
				B4B333CA19D24A9B00FC75E3 /* Chain.swift */,
				B4B333B119D23B9A00FC75E3 /* Cookie.swift */,
				B4B333B719D23EB000FC75E3 /* Level.swift */,
				B4B333C819D245C600FC75E3 /* Swap.swift */,
				B4B333C619D242AA00FC75E3 /* Extensions.swift */,
				B4B333C419D2421D00FC75E3 /* Tile.swift */,
				B4B333B519D23E2D00FC75E3 /* Set.swift */,
				B400036419DCA40F009BF068 /* iPhone6Plus.storyboard */,
				B4B334AF19D8BFA800FC75E3 /* iPhone6.storyboard */,
				B4B3338B19D239A300FC75E3 /* Main.storyboard */,
				B4B3338E19D239A300FC75E3 /* Images.xcassets */,
				B4B333E919D3786B00FC75E3 /* WinterSprites.atlas */,
				B4B333CE19D25E0400FC75E3 /* Sounds */,
				B4B333CC19D2588900FC75E3 /* Grid.atlas */,
				B4B333B919D241E400FC75E3 /* Levels */,
				B4B333A719D239FD00FC75E3 /* Sprites.atlas */,
				B4B3339019D239A300FC75E3 /* LaunchScreen.xib */,
				B4B3338119D239A300FC75E3 /* Supporting Files */,
			);
			path = Crunchies;
			sourceTree = "<group>";
		};
		B4B3338119D239A300FC75E3 /* Supporting Files */ = {
			isa = PBXGroup;
			children = (
				B4B3338219D239A300FC75E3 /* Info.plist */,
			);
			name = "Supporting Files";
			sourceTree = "<group>";
		};
		B4B3339A19D239A300FC75E3 /* CrunchiesTests */ = {
			isa = PBXGroup;
			children = (
				B4B3339D19D239A300FC75E3 /* CrunchiesTests.swift */,
				B4B3339B19D239A300FC75E3 /* Supporting Files */,
			);
			path = CrunchiesTests;
			sourceTree = "<group>";
		};
		B4B3339B19D239A300FC75E3 /* Supporting Files */ = {
			isa = PBXGroup;
			children = (
				B4B3339C19D239A300FC75E3 /* Info.plist */,
			);
			name = "Supporting Files";
			sourceTree = "<group>";
		};
		B4B333B919D241E400FC75E3 /* Levels */ = {
			isa = PBXGroup;
			children = (
				B4B333BA19D241E400FC75E3 /* Level_0.json */,
				B4B333BB19D241E400FC75E3 /* Level_1.json */,
				B4B333BC19D241E400FC75E3 /* Level_2.json */,
				B4B333BD19D241E400FC75E3 /* Level_3.json */,
				B4B333BE19D241E400FC75E3 /* Level_4.json */,
				B400036619DCB309009BF068 /* Level_5.json */,
				B400036A19DCB342009BF068 /* Level_6.json */,
				B400036E19DCB369009BF068 /* Level_7.json */,
				B400037019DCB37E009BF068 /* Level_8.json */,
				B400037219DCB396009BF068 /* Level_9.json */,
			);
			path = Levels;
			sourceTree = "<group>";
		};
		B4B333CE19D25E0400FC75E3 /* Sounds */ = {
			isa = PBXGroup;
			children = (
				B4B333CF19D25E0400FC75E3 /* Chomp.wav */,
				B4B3343819D4BA5500FC75E3 /* happyland_128.mp3 */,
				B4B333D019D25E0400FC75E3 /* Drip.wav */,
				B4B333D119D25E0400FC75E3 /* Error.wav */,
				B4B333D219D25E0400FC75E3 /* Ka-Ching.wav */,
				B4B333D319D25E0400FC75E3 /* Mining by Moonlight.mp3 */,
				B4B333D419D25E0400FC75E3 /* Scrape.wav */,
			);
			path = Sounds;
			sourceTree = "<group>";
		};
		B4B333E919D3786B00FC75E3 /* WinterSprites.atlas */ = {
			isa = PBXGroup;
			children = (
				B4B333EA19D3786B00FC75E3 /* CandyCane-Highlighted@2x.png */,
				B4B333EB19D3786B00FC75E3 /* CandyCane@2x.png */,
				B4B333EC19D3786B00FC75E3 /* GingerbreadMan-Highlighted@2x.png */,
				B4B333ED19D3786B00FC75E3 /* GingerbreadMan@2x.png */,
				B4B333EE19D3786B00FC75E3 /* Present-Highlighted@2x.png */,
				B4B333EF19D3786B00FC75E3 /* Present@2x.png */,
				B4B333F019D3786B00FC75E3 /* Rudolph-Highlighted@2x.png */,
				B4B333F119D3786B00FC75E3 /* Rudolph@2x.png */,
				B4B333F219D3786B00FC75E3 /* Snowman-Highlighted@2x.png */,
				B4B333F319D3786B00FC75E3 /* Snowman@2x.png */,
				B4B333F419D3786B00FC75E3 /* Tree-Highlighted@2x.png */,
				B4B333F519D3786B00FC75E3 /* Tree@2x.png */,
			);
			name = WinterSprites.atlas;
			path = ../WinterSprites;
			sourceTree = "<group>";
		};
/* End PBXGroup section */

/* Begin PBXNativeTarget section */
		B4B3337D19D239A300FC75E3 /* Crunchies */ = {
			isa = PBXNativeTarget;
			buildConfigurationList = B4B333A119D239A300FC75E3 /* Build configuration list for PBXNativeTarget "Crunchies" */;
			buildPhases = (
				B4B3337A19D239A300FC75E3 /* Sources */,
				B4B3337B19D239A300FC75E3 /* Frameworks */,
				B4B3337C19D239A300FC75E3 /* Resources */,
				B4B333E619D34E9D00FC75E3 /* ShellScript */,
			);
			buildRules = (
			);
			dependencies = (
			);
			name = Crunchies;
			productName = Crunchies;
			productReference = B4B3337E19D239A300FC75E3 /* Crunchies.app */;
			productType = "com.apple.product-type.application";
		};
		B4B3339619D239A300FC75E3 /* CrunchiesTests */ = {
			isa = PBXNativeTarget;
			buildConfigurationList = B4B333A419D239A300FC75E3 /* Build configuration list for PBXNativeTarget "CrunchiesTests" */;
			buildPhases = (
				B4B3339319D239A300FC75E3 /* Sources */,
				B4B3339419D239A300FC75E3 /* Frameworks */,
				B4B3339519D239A300FC75E3 /* Resources */,
			);
			buildRules = (
			);
			dependencies = (
				B4B3339919D239A300FC75E3 /* PBXTargetDependency */,
			);
			name = CrunchiesTests;
			productName = CrunchiesTests;
			productReference = B4B3339719D239A300FC75E3 /* CrunchiesTests.xctest */;
			productType = "com.apple.product-type.bundle.unit-test";
		};
/* End PBXNativeTarget section */

/* Begin PBXProject section */
		B4B3337619D239A300FC75E3 /* Project object */ = {
			isa = PBXProject;
			attributes = {
				LastUpgradeCheck = 0600;
				ORGANIZATIONNAME = "Joshua Hendershot";
				TargetAttributes = {
					B4B3337D19D239A300FC75E3 = {
						CreatedOnToolsVersion = 6.0.1;
						DevelopmentTeam = BN9F9Y233Y;
						SystemCapabilities = {
							com.apple.GameCenter = {
								enabled = 1;
							};
						};
					};
					B4B3339619D239A300FC75E3 = {
						CreatedOnToolsVersion = 6.0.1;
						TestTargetID = B4B3337D19D239A300FC75E3;
					};
				};
			};
			buildConfigurationList = B4B3337919D239A300FC75E3 /* Build configuration list for PBXProject "Crunchies" */;
			compatibilityVersion = "Xcode 3.2";
			developmentRegion = English;
			hasScannedForEncodings = 0;
			knownRegions = (
				en,
				Base,
			);
			mainGroup = B4B3337519D239A300FC75E3;
			productRefGroup = B4B3337F19D239A300FC75E3 /* Products */;
			projectDirPath = "";
			projectRoot = "";
			targets = (
				B4B3337D19D239A300FC75E3 /* Crunchies */,
				B4B3339619D239A300FC75E3 /* CrunchiesTests */,
			);
		};
/* End PBXProject section */

/* Begin PBXResourcesBuildPhase section */
		B4B3337C19D239A300FC75E3 /* Resources */ = {
			isa = PBXResourcesBuildPhase;
			buildActionMask = 2147483647;
			files = (
				B400036819DCB309009BF068 /* Level_5.json in Resources */,
				B4B3339219D239A300FC75E3 /* LaunchScreen.xib in Resources */,
				B4B333FD19D3786B00FC75E3 /* Rudolph@2x.png in Resources */,
				B4B333FF19D3786B00FC75E3 /* Snowman@2x.png in Resources */,
				B4B333C319D241E400FC75E3 /* Level_4.json in Resources */,
				B4B3340119D3786B00FC75E3 /* Tree@2x.png in Resources */,
				B400036F19DCB369009BF068 /* Level_7.json in Resources */,
				B4B3340019D3786B00FC75E3 /* Tree-Highlighted@2x.png in Resources */,
				B4B3343919D4BA5500FC75E3 /* happyland_128.mp3 in Resources */,
				B4B333D819D25E0400FC75E3 /* Ka-Ching.wav in Resources */,
				B4B333D719D25E0400FC75E3 /* Error.wav in Resources */,
				B4B333DA19D25E0400FC75E3 /* Scrape.wav in Resources */,
				B4B333F719D3786B00FC75E3 /* CandyCane@2x.png in Resources */,
				B4B333C119D241E400FC75E3 /* Level_2.json in Resources */,
				B4B333CD19D2588900FC75E3 /* Grid.atlas in Resources */,
				B4B333FA19D3786B00FC75E3 /* Present-Highlighted@2x.png in Resources */,
				B4B333BF19D241E400FC75E3 /* Level_0.json in Resources */,
				B400036519DCA40F009BF068 /* iPhone6Plus.storyboard in Resources */,
				B4B333FB19D3786B00FC75E3 /* Present@2x.png in Resources */,
				B400037119DCB37E009BF068 /* Level_8.json in Resources */,
				B400036C19DCB342009BF068 /* Level_6.json in Resources */,
				B4B333FC19D3786B00FC75E3 /* Rudolph-Highlighted@2x.png in Resources */,
				B4B3338F19D239A300FC75E3 /* Images.xcassets in Resources */,
				B400037319DCB396009BF068 /* Level_9.json in Resources */,
				B4B333FE19D3786B00FC75E3 /* Snowman-Highlighted@2x.png in Resources */,
				B4B333D519D25E0400FC75E3 /* Chomp.wav in Resources */,
				B4B334B019D8BFA800FC75E3 /* iPhone6.storyboard in Resources */,
				B4B333D619D25E0400FC75E3 /* Drip.wav in Resources */,
				B4B333F919D3786B00FC75E3 /* GingerbreadMan@2x.png in Resources */,
				B4B3338D19D239A300FC75E3 /* Main.storyboard in Resources */,
				B4B333F619D3786B00FC75E3 /* CandyCane-Highlighted@2x.png in Resources */,
				B4B333C019D241E400FC75E3 /* Level_1.json in Resources */,
				B4B333F819D3786B00FC75E3 /* GingerbreadMan-Highlighted@2x.png in Resources */,
				B4B333C219D241E400FC75E3 /* Level_3.json in Resources */,
				B4B333D919D25E0400FC75E3 /* Mining by Moonlight.mp3 in Resources */,
				B4B333A819D239FD00FC75E3 /* Sprites.atlas in Resources */,
			);
			runOnlyForDeploymentPostprocessing = 0;
		};
		B4B3339519D239A300FC75E3 /* Resources */ = {
			isa = PBXResourcesBuildPhase;
			buildActionMask = 2147483647;
			files = (
			);
			runOnlyForDeploymentPostprocessing = 0;
		};
/* End PBXResourcesBuildPhase section */

/* Begin PBXShellScriptBuildPhase section */
		B4B333E619D34E9D00FC75E3 /* ShellScript */ = {
			isa = PBXShellScriptBuildPhase;
			buildActionMask = 2147483647;
			files = (
			);
			inputPaths = (
			);
			outputPaths = (
			);
			runOnlyForDeploymentPostprocessing = 0;
			shellPath = /bin/sh;
			shellScript = "./Crashlytics.framework/run 8ef04d6ce4e7a8d7079296fd9227b7d3e87ec366 f99f8b9bd84615af3a76f4e97026fdb9dd62979bc82453ebd6fd9a280b7f26fe\n";
		};
/* End PBXShellScriptBuildPhase section */

/* Begin PBXSourcesBuildPhase section */
		B4B3337A19D239A300FC75E3 /* Sources */ = {
			isa = PBXSourcesBuildPhase;
			buildActionMask = 2147483647;
			files = (
				B4B3338819D239A300FC75E3 /* GameScene.swift in Sources */,
				B4B333C719D242AA00FC75E3 /* Extensions.swift in Sources */,
				B4B333B819D23EB000FC75E3 /* Level.swift in Sources */,
				B4B333CB19D24A9B00FC75E3 /* Chain.swift in Sources */,
				B4B333B219D23B9A00FC75E3 /* Cookie.swift in Sources */,
				B4B333C919D245C600FC75E3 /* Swap.swift in Sources */,
				B4B333C519D2421D00FC75E3 /* Tile.swift in Sources */,
				B4B333B619D23E2D00FC75E3 /* Set.swift in Sources */,
				B4B3350C19DA204200FC75E3 /* GameResetViewController.swift in Sources */,
				B4B3338A19D239A300FC75E3 /* GameViewController.swift in Sources */,
				B4B3338419D239A300FC75E3 /* AppDelegate.swift in Sources */,
				B4B333B419D23DB400FC75E3 /* Array2D.swift in Sources */,
			);
			runOnlyForDeploymentPostprocessing = 0;
		};
		B4B3339319D239A300FC75E3 /* Sources */ = {
			isa = PBXSourcesBuildPhase;
			buildActionMask = 2147483647;
			files = (
				B4B3339E19D239A300FC75E3 /* CrunchiesTests.swift in Sources */,
			);
			runOnlyForDeploymentPostprocessing = 0;
		};
/* End PBXSourcesBuildPhase section */

/* Begin PBXTargetDependency section */
		B4B3339919D239A300FC75E3 /* PBXTargetDependency */ = {
			isa = PBXTargetDependency;
			target = B4B3337D19D239A300FC75E3 /* Crunchies */;
			targetProxy = B4B3339819D239A300FC75E3 /* PBXContainerItemProxy */;
		};
/* End PBXTargetDependency section */

/* Begin PBXVariantGroup section */
		B4B3338B19D239A300FC75E3 /* Main.storyboard */ = {
			isa = PBXVariantGroup;
			children = (
				B4B3338C19D239A300FC75E3 /* Base */,
			);
			name = Main.storyboard;
			sourceTree = "<group>";
		};
		B4B3339019D239A300FC75E3 /* LaunchScreen.xib */ = {
			isa = PBXVariantGroup;
			children = (
				B4B3339119D239A300FC75E3 /* Base */,
			);
			name = LaunchScreen.xib;
			sourceTree = "<group>";
		};
/* End PBXVariantGroup section */

/* Begin XCBuildConfiguration section */
		B4B3339F19D239A300FC75E3 /* Debug */ = {
			isa = XCBuildConfiguration;
			buildSettings = {
				ALWAYS_SEARCH_USER_PATHS = NO;
				CLANG_CXX_LANGUAGE_STANDARD = "gnu++0x";
				CLANG_CXX_LIBRARY = "libc++";
				CLANG_ENABLE_MODULES = YES;
				CLANG_ENABLE_OBJC_ARC = YES;
				CLANG_WARN_BOOL_CONVERSION = YES;
				CLANG_WARN_CONSTANT_CONVERSION = YES;
				CLANG_WARN_DIRECT_OBJC_ISA_USAGE = YES_ERROR;
				CLANG_WARN_EMPTY_BODY = YES;
				CLANG_WARN_ENUM_CONVERSION = YES;
				CLANG_WARN_INT_CONVERSION = YES;
				CLANG_WARN_OBJC_ROOT_CLASS = YES_ERROR;
				CLANG_WARN_UNREACHABLE_CODE = YES;
				CLANG_WARN__DUPLICATE_METHOD_MATCH = YES;
				"CODE_SIGN_IDENTITY[sdk=iphoneos*]" = "iPhone Developer";
				COPY_PHASE_STRIP = NO;
				ENABLE_STRICT_OBJC_MSGSEND = YES;
				GCC_C_LANGUAGE_STANDARD = gnu99;
				GCC_DYNAMIC_NO_PIC = NO;
				GCC_OPTIMIZATION_LEVEL = 0;
				GCC_PREPROCESSOR_DEFINITIONS = (
					"DEBUG=1",
					"$(inherited)",
				);
				GCC_SYMBOLS_PRIVATE_EXTERN = NO;
				GCC_WARN_64_TO_32_BIT_CONVERSION = YES;
				GCC_WARN_ABOUT_RETURN_TYPE = YES_ERROR;
				GCC_WARN_UNDECLARED_SELECTOR = YES;
				GCC_WARN_UNINITIALIZED_AUTOS = YES_AGGRESSIVE;
				GCC_WARN_UNUSED_FUNCTION = YES;
				GCC_WARN_UNUSED_VARIABLE = YES;
				IPHONEOS_DEPLOYMENT_TARGET = 8.0;
				MTL_ENABLE_DEBUG_INFO = YES;
				ONLY_ACTIVE_ARCH = YES;
				SDKROOT = iphoneos;
				SWIFT_OPTIMIZATION_LEVEL = "-Onone";
			};
			name = Debug;
		};
		B4B333A019D239A300FC75E3 /* Release */ = {
			isa = XCBuildConfiguration;
			buildSettings = {
				ALWAYS_SEARCH_USER_PATHS = NO;
				CLANG_CXX_LANGUAGE_STANDARD = "gnu++0x";
				CLANG_CXX_LIBRARY = "libc++";
				CLANG_ENABLE_MODULES = YES;
				CLANG_ENABLE_OBJC_ARC = YES;
				CLANG_WARN_BOOL_CONVERSION = YES;
				CLANG_WARN_CONSTANT_CONVERSION = YES;
				CLANG_WARN_DIRECT_OBJC_ISA_USAGE = YES_ERROR;
				CLANG_WARN_EMPTY_BODY = YES;
				CLANG_WARN_ENUM_CONVERSION = YES;
				CLANG_WARN_INT_CONVERSION = YES;
				CLANG_WARN_OBJC_ROOT_CLASS = YES_ERROR;
				CLANG_WARN_UNREACHABLE_CODE = YES;
				CLANG_WARN__DUPLICATE_METHOD_MATCH = YES;
				"CODE_SIGN_IDENTITY[sdk=iphoneos*]" = "iPhone Developer";
				COPY_PHASE_STRIP = YES;
				ENABLE_NS_ASSERTIONS = NO;
				ENABLE_STRICT_OBJC_MSGSEND = YES;
				GCC_C_LANGUAGE_STANDARD = gnu99;
				GCC_WARN_64_TO_32_BIT_CONVERSION = YES;
				GCC_WARN_ABOUT_RETURN_TYPE = YES_ERROR;
				GCC_WARN_UNDECLARED_SELECTOR = YES;
				GCC_WARN_UNINITIALIZED_AUTOS = YES_AGGRESSIVE;
				GCC_WARN_UNUSED_FUNCTION = YES;
				GCC_WARN_UNUSED_VARIABLE = YES;
				IPHONEOS_DEPLOYMENT_TARGET = 8.0;
				MTL_ENABLE_DEBUG_INFO = NO;
				SDKROOT = iphoneos;
				VALIDATE_PRODUCT = YES;
			};
			name = Release;
		};
		B4B333A219D239A300FC75E3 /* Debug */ = {
			isa = XCBuildConfiguration;
			buildSettings = {
				ASSETCATALOG_COMPILER_APPICON_NAME = AppIcon;
				CODE_SIGN_IDENTITY = "iPhone Developer";
				"CODE_SIGN_IDENTITY[sdk=iphoneos*]" = "iPhone Developer";
				FRAMEWORK_SEARCH_PATHS = (
					"$(inherited)",
					"$(PROJECT_DIR)",
				);
				INFOPLIST_FILE = Crunchies/Info.plist;
				LD_RUNPATH_SEARCH_PATHS = "$(inherited) @executable_path/Frameworks";
				PRODUCT_NAME = "$(TARGET_NAME)";
				PROVISIONING_PROFILE = "";
			};
			name = Debug;
		};
		B4B333A319D239A300FC75E3 /* Release */ = {
			isa = XCBuildConfiguration;
			buildSettings = {
				ASSETCATALOG_COMPILER_APPICON_NAME = AppIcon;
				CODE_SIGN_IDENTITY = "iPhone Developer";
				"CODE_SIGN_IDENTITY[sdk=iphoneos*]" = "iPhone Developer";
				FRAMEWORK_SEARCH_PATHS = (
					"$(inherited)",
					"$(PROJECT_DIR)",
				);
				INFOPLIST_FILE = Crunchies/Info.plist;
				LD_RUNPATH_SEARCH_PATHS = "$(inherited) @executable_path/Frameworks";
				PRODUCT_NAME = "$(TARGET_NAME)";
				PROVISIONING_PROFILE = "";
			};
			name = Release;
		};
		B4B333A519D239A300FC75E3 /* Debug */ = {
			isa = XCBuildConfiguration;
			buildSettings = {
				BUNDLE_LOADER = "$(TEST_HOST)";
				FRAMEWORK_SEARCH_PATHS = (
					"$(SDKROOT)/Developer/Library/Frameworks",
					"$(inherited)",
				);
				GCC_PREPROCESSOR_DEFINITIONS = (
					"DEBUG=1",
					"$(inherited)",
				);
				INFOPLIST_FILE = CrunchiesTests/Info.plist;
				LD_RUNPATH_SEARCH_PATHS = "$(inherited) @executable_path/Frameworks @loader_path/Frameworks";
				PRODUCT_NAME = "$(TARGET_NAME)";
				TEST_HOST = "$(BUILT_PRODUCTS_DIR)/Crunchies.app/Crunchies";
			};
			name = Debug;
		};
		B4B333A619D239A300FC75E3 /* Release */ = {
			isa = XCBuildConfiguration;
			buildSettings = {
				BUNDLE_LOADER = "$(TEST_HOST)";
				FRAMEWORK_SEARCH_PATHS = (
					"$(SDKROOT)/Developer/Library/Frameworks",
					"$(inherited)",
				);
				INFOPLIST_FILE = CrunchiesTests/Info.plist;
				LD_RUNPATH_SEARCH_PATHS = "$(inherited) @executable_path/Frameworks @loader_path/Frameworks";
				PRODUCT_NAME = "$(TARGET_NAME)";
				TEST_HOST = "$(BUILT_PRODUCTS_DIR)/Crunchies.app/Crunchies";
			};
			name = Release;
		};
/* End XCBuildConfiguration section */

/* Begin XCConfigurationList section */
		B4B3337919D239A300FC75E3 /* Build configuration list for PBXProject "Crunchies" */ = {
			isa = XCConfigurationList;
			buildConfigurations = (
				B4B3339F19D239A300FC75E3 /* Debug */,
				B4B333A019D239A300FC75E3 /* Release */,
			);
			defaultConfigurationIsVisible = 0;
			defaultConfigurationName = Release;
		};
		B4B333A119D239A300FC75E3 /* Build configuration list for PBXNativeTarget "Crunchies" */ = {
			isa = XCConfigurationList;
			buildConfigurations = (
				B4B333A219D239A300FC75E3 /* Debug */,
				B4B333A319D239A300FC75E3 /* Release */,
			);
			defaultConfigurationIsVisible = 0;
			defaultConfigurationName = Release;
		};
		B4B333A419D239A300FC75E3 /* Build configuration list for PBXNativeTarget "CrunchiesTests" */ = {
			isa = XCConfigurationList;
			buildConfigurations = (
				B4B333A519D239A300FC75E3 /* Debug */,
				B4B333A619D239A300FC75E3 /* Release */,
			);
			defaultConfigurationIsVisible = 0;
			defaultConfigurationName = Release;
		};
/* End XCConfigurationList section */
	};
	rootObject = B4B3337619D239A300FC75E3 /* Project object */;
}
